// !$*UTF8*$!
{
	archiveVersion = 1;
	classes = {
	};
	objectVersion = 52;
	objects = {

/* Begin PBXBuildFile section */
		C22D113E23F34C89009035F3 /* FaviconFinder in Frameworks */ = {isa = PBXBuildFile; productRef = C22D113D23F34C89009035F3 /* FaviconFinder */; };
		C22D114023F34D31009035F3 /* FaviconFinder in Frameworks */ = {isa = PBXBuildFile; productRef = C22D113F23F34D31009035F3 /* FaviconFinder */; };
		C22D114223F34D39009035F3 /* SDWebImageSwiftUI in Frameworks */ = {isa = PBXBuildFile; productRef = C22D114123F34D39009035F3 /* SDWebImageSwiftUI */; };
		C22D114423F34D42009035F3 /* FeedKit in Frameworks */ = {isa = PBXBuildFile; productRef = C22D114323F34D42009035F3 /* FeedKit */; };
		C22D114623F34D46009035F3 /* FaviconFinder in Frameworks */ = {isa = PBXBuildFile; productRef = C22D114523F34D46009035F3 /* FaviconFinder */; };
		C22D114823F3B1DD009035F3 /* GoalsView.swift in Sources */ = {isa = PBXBuildFile; fileRef = C22D114723F3B1DD009035F3 /* GoalsView.swift */; };
		C22D114923F3B1DD009035F3 /* GoalsView.swift in Sources */ = {isa = PBXBuildFile; fileRef = C22D114723F3B1DD009035F3 /* GoalsView.swift */; };
		C22D114A23F3B1DD009035F3 /* GoalsView.swift in Sources */ = {isa = PBXBuildFile; fileRef = C22D114723F3B1DD009035F3 /* GoalsView.swift */; };
		C22D114C23F49F5A009035F3 /* TabBar.swift in Sources */ = {isa = PBXBuildFile; fileRef = C22D114B23F49F5A009035F3 /* TabBar.swift */; };
		C22D114D23F49F5A009035F3 /* TabBar.swift in Sources */ = {isa = PBXBuildFile; fileRef = C22D114B23F49F5A009035F3 /* TabBar.swift */; };
		C22D114E23F49F5A009035F3 /* TabBar.swift in Sources */ = {isa = PBXBuildFile; fileRef = C22D114B23F49F5A009035F3 /* TabBar.swift */; };
		C28FD91A23F0913B0054BAD1 /* AppDelegate.swift in Sources */ = {isa = PBXBuildFile; fileRef = C28FD91923F0913B0054BAD1 /* AppDelegate.swift */; };
		C28FD91C23F0913B0054BAD1 /* SceneDelegate.swift in Sources */ = {isa = PBXBuildFile; fileRef = C28FD91B23F0913B0054BAD1 /* SceneDelegate.swift */; };
		C28FD91E23F0913B0054BAD1 /* PostList.swift in Sources */ = {isa = PBXBuildFile; fileRef = C28FD91D23F0913B0054BAD1 /* PostList.swift */; };
		C28FD92023F0913F0054BAD1 /* Assets.xcassets in Resources */ = {isa = PBXBuildFile; fileRef = C28FD91F23F0913F0054BAD1 /* Assets.xcassets */; };
		C28FD92323F0913F0054BAD1 /* Preview Assets.xcassets in Resources */ = {isa = PBXBuildFile; fileRef = C28FD92223F0913F0054BAD1 /* Preview Assets.xcassets */; };
		C28FD92623F0913F0054BAD1 /* LaunchScreen.storyboard in Resources */ = {isa = PBXBuildFile; fileRef = C28FD92423F0913F0054BAD1 /* LaunchScreen.storyboard */; };
		C28FD93123F0913F0054BAD1 /* UpdateTests.swift in Sources */ = {isa = PBXBuildFile; fileRef = C28FD93023F0913F0054BAD1 /* UpdateTests.swift */; };
		C28FD93C23F0913F0054BAD1 /* UpdateUITests.swift in Sources */ = {isa = PBXBuildFile; fileRef = C28FD93B23F0913F0054BAD1 /* UpdateUITests.swift */; };
		C28FD94B23F091610054BAD1 /* FeedKit in Frameworks */ = {isa = PBXBuildFile; productRef = C28FD94A23F091610054BAD1 /* FeedKit */; };
		C28FD94D23F091850054BAD1 /* RSSStore.swift in Sources */ = {isa = PBXBuildFile; fileRef = C28FD94C23F091850054BAD1 /* RSSStore.swift */; };
		C28FD95123F09AC40054BAD1 /* SafariView.swift in Sources */ = {isa = PBXBuildFile; fileRef = C28FD95023F09AC40054BAD1 /* SafariView.swift */; };
		C28FD95623F0A98A0054BAD1 /* FeedList.swift in Sources */ = {isa = PBXBuildFile; fileRef = C28FD95523F0A98A0054BAD1 /* FeedList.swift */; };
		C28FD95923F0B8180054BAD1 /* SDWebImageSwiftUI in Frameworks */ = {isa = PBXBuildFile; productRef = C28FD95823F0B8180054BAD1 /* SDWebImageSwiftUI */; };
		C28FD95A23F0EE440054BAD1 /* PostList.swift in Sources */ = {isa = PBXBuildFile; fileRef = C28FD91D23F0913B0054BAD1 /* PostList.swift */; };
		C28FD95B23F0EE440054BAD1 /* PostList.swift in Sources */ = {isa = PBXBuildFile; fileRef = C28FD91D23F0913B0054BAD1 /* PostList.swift */; };
		C28FD95C23F0EE470054BAD1 /* FeedList.swift in Sources */ = {isa = PBXBuildFile; fileRef = C28FD95523F0A98A0054BAD1 /* FeedList.swift */; };
		C28FD95D23F0EE480054BAD1 /* FeedList.swift in Sources */ = {isa = PBXBuildFile; fileRef = C28FD95523F0A98A0054BAD1 /* FeedList.swift */; };
		C28FD95E23F0EE4B0054BAD1 /* SafariView.swift in Sources */ = {isa = PBXBuildFile; fileRef = C28FD95023F09AC40054BAD1 /* SafariView.swift */; };
		C28FD95F23F0EE4C0054BAD1 /* SafariView.swift in Sources */ = {isa = PBXBuildFile; fileRef = C28FD95023F09AC40054BAD1 /* SafariView.swift */; };
		C28FD96023F0EE4E0054BAD1 /* RSSStore.swift in Sources */ = {isa = PBXBuildFile; fileRef = C28FD94C23F091850054BAD1 /* RSSStore.swift */; };
		C28FD96123F0EE4F0054BAD1 /* RSSStore.swift in Sources */ = {isa = PBXBuildFile; fileRef = C28FD94C23F091850054BAD1 /* RSSStore.swift */; };
		C28FD96423F0F0670054BAD1 /* FeedKit in Frameworks */ = {isa = PBXBuildFile; productRef = C28FD96323F0F0670054BAD1 /* FeedKit */; };
		C28FD96623F0F0670054BAD1 /* SDWebImageSwiftUI in Frameworks */ = {isa = PBXBuildFile; productRef = C28FD96523F0F0670054BAD1 /* SDWebImageSwiftUI */; };
		C29B590423F1C24300CB8F08 /* FilterView.swift in Sources */ = {isa = PBXBuildFile; fileRef = C29B590323F1C24300CB8F08 /* FilterView.swift */; };
		C2C9C2C923F1C33800F84042 /* FilterView.swift in Sources */ = {isa = PBXBuildFile; fileRef = C29B590323F1C24300CB8F08 /* FilterView.swift */; };
		C2C9C2CA23F1C33800F84042 /* FilterView.swift in Sources */ = {isa = PBXBuildFile; fileRef = C29B590323F1C24300CB8F08 /* FilterView.swift */; };
		C2C9C2CC23F1C36E00F84042 /* Extensions.swift in Sources */ = {isa = PBXBuildFile; fileRef = C2C9C2CB23F1C36E00F84042 /* Extensions.swift */; };
		C2C9C2CE23F1C39C00F84042 /* PostCell.swift in Sources */ = {isa = PBXBuildFile; fileRef = C2C9C2CD23F1C39C00F84042 /* PostCell.swift */; };
		C2C9C2CF23F1C39C00F84042 /* PostCell.swift in Sources */ = {isa = PBXBuildFile; fileRef = C2C9C2CD23F1C39C00F84042 /* PostCell.swift */; };
		C2C9C2D023F1C39D00F84042 /* PostCell.swift in Sources */ = {isa = PBXBuildFile; fileRef = C2C9C2CD23F1C39C00F84042 /* PostCell.swift */; };
		C2C9C2D123F1C3EB00F84042 /* Extensions.swift in Sources */ = {isa = PBXBuildFile; fileRef = C2C9C2CB23F1C36E00F84042 /* Extensions.swift */; };
		C2C9C2D223F1C3EC00F84042 /* Extensions.swift in Sources */ = {isa = PBXBuildFile; fileRef = C2C9C2CB23F1C36E00F84042 /* Extensions.swift */; };
		C2C9C2D423F1C4C700F84042 /* FeedCell.swift in Sources */ = {isa = PBXBuildFile; fileRef = C2C9C2D323F1C4C700F84042 /* FeedCell.swift */; };
		C2C9C2D523F1C4C700F84042 /* FeedCell.swift in Sources */ = {isa = PBXBuildFile; fileRef = C2C9C2D323F1C4C700F84042 /* FeedCell.swift */; };
		C2C9C2D623F1C4C700F84042 /* FeedCell.swift in Sources */ = {isa = PBXBuildFile; fileRef = C2C9C2D323F1C4C700F84042 /* FeedCell.swift */; };
		C2C9C2DC23F1E2DF00F84042 /* BackButton.swift in Sources */ = {isa = PBXBuildFile; fileRef = C2C9C2DB23F1E2DF00F84042 /* BackButton.swift */; };
		C2C9C2DD23F1E2DF00F84042 /* BackButton.swift in Sources */ = {isa = PBXBuildFile; fileRef = C2C9C2DB23F1E2DF00F84042 /* BackButton.swift */; };
		C2C9C2DE23F1E2DF00F84042 /* BackButton.swift in Sources */ = {isa = PBXBuildFile; fileRef = C2C9C2DB23F1E2DF00F84042 /* BackButton.swift */; };
		C2CEE18B23F34ACD007DFB9B /* NewFeedPopup.swift in Sources */ = {isa = PBXBuildFile; fileRef = C2E3A1F623F348C000F0B7FB /* NewFeedPopup.swift */; };
		C2CEE18C23F34ACE007DFB9B /* NewFeedPopup.swift in Sources */ = {isa = PBXBuildFile; fileRef = C2E3A1F623F348C000F0B7FB /* NewFeedPopup.swift */; };
		C2CEE18D23F34ADC007DFB9B /* Notifier.swift in Sources */ = {isa = PBXBuildFile; fileRef = C2E3A1F423F338FB00F0B7FB /* Notifier.swift */; };
		C2CEE18E23F34ADD007DFB9B /* Notifier.swift in Sources */ = {isa = PBXBuildFile; fileRef = C2E3A1F423F338FB00F0B7FB /* Notifier.swift */; };
		C2E3A1F523F338FB00F0B7FB /* Notifier.swift in Sources */ = {isa = PBXBuildFile; fileRef = C2E3A1F423F338FB00F0B7FB /* Notifier.swift */; };
		C2E3A1F723F348C000F0B7FB /* NewFeedPopup.swift in Sources */ = {isa = PBXBuildFile; fileRef = C2E3A1F623F348C000F0B7FB /* NewFeedPopup.swift */; };
/* End PBXBuildFile section */

/* Begin PBXContainerItemProxy section */
		C28FD92D23F0913F0054BAD1 /* PBXContainerItemProxy */ = {
			isa = PBXContainerItemProxy;
			containerPortal = C28FD90E23F0913B0054BAD1 /* Project object */;
			proxyType = 1;
			remoteGlobalIDString = C28FD91523F0913B0054BAD1;
			remoteInfo = Update;
		};
		C28FD93823F0913F0054BAD1 /* PBXContainerItemProxy */ = {
			isa = PBXContainerItemProxy;
			containerPortal = C28FD90E23F0913B0054BAD1 /* Project object */;
			proxyType = 1;
			remoteGlobalIDString = C28FD91523F0913B0054BAD1;
			remoteInfo = Update;
		};
/* End PBXContainerItemProxy section */

/* Begin PBXFileReference section */
		C22D114723F3B1DD009035F3 /* GoalsView.swift */ = {isa = PBXFileReference; lastKnownFileType = sourcecode.swift; path = GoalsView.swift; sourceTree = "<group>"; };
		C22D114B23F49F5A009035F3 /* TabBar.swift */ = {isa = PBXFileReference; lastKnownFileType = sourcecode.swift; path = TabBar.swift; sourceTree = "<group>"; };
		C28FD91623F0913B0054BAD1 /* Update.app */ = {isa = PBXFileReference; explicitFileType = wrapper.application; includeInIndex = 0; path = Update.app; sourceTree = BUILT_PRODUCTS_DIR; };
		C28FD91923F0913B0054BAD1 /* AppDelegate.swift */ = {isa = PBXFileReference; lastKnownFileType = sourcecode.swift; path = AppDelegate.swift; sourceTree = "<group>"; };
		C28FD91B23F0913B0054BAD1 /* SceneDelegate.swift */ = {isa = PBXFileReference; lastKnownFileType = sourcecode.swift; path = SceneDelegate.swift; sourceTree = "<group>"; };
		C28FD91D23F0913B0054BAD1 /* PostList.swift */ = {isa = PBXFileReference; lastKnownFileType = sourcecode.swift; path = PostList.swift; sourceTree = "<group>"; };
		C28FD91F23F0913F0054BAD1 /* Assets.xcassets */ = {isa = PBXFileReference; lastKnownFileType = folder.assetcatalog; path = Assets.xcassets; sourceTree = "<group>"; };
		C28FD92223F0913F0054BAD1 /* Preview Assets.xcassets */ = {isa = PBXFileReference; lastKnownFileType = folder.assetcatalog; path = "Preview Assets.xcassets"; sourceTree = "<group>"; };
		C28FD92523F0913F0054BAD1 /* Base */ = {isa = PBXFileReference; lastKnownFileType = file.storyboard; name = Base; path = Base.lproj/LaunchScreen.storyboard; sourceTree = "<group>"; };
		C28FD92723F0913F0054BAD1 /* Info.plist */ = {isa = PBXFileReference; lastKnownFileType = text.plist.xml; path = Info.plist; sourceTree = "<group>"; };
		C28FD92C23F0913F0054BAD1 /* UpdateTests.xctest */ = {isa = PBXFileReference; explicitFileType = wrapper.cfbundle; includeInIndex = 0; path = UpdateTests.xctest; sourceTree = BUILT_PRODUCTS_DIR; };
		C28FD93023F0913F0054BAD1 /* UpdateTests.swift */ = {isa = PBXFileReference; lastKnownFileType = sourcecode.swift; path = UpdateTests.swift; sourceTree = "<group>"; };
		C28FD93223F0913F0054BAD1 /* Info.plist */ = {isa = PBXFileReference; lastKnownFileType = text.plist.xml; path = Info.plist; sourceTree = "<group>"; };
		C28FD93723F0913F0054BAD1 /* UpdateUITests.xctest */ = {isa = PBXFileReference; explicitFileType = wrapper.cfbundle; includeInIndex = 0; path = UpdateUITests.xctest; sourceTree = BUILT_PRODUCTS_DIR; };
		C28FD93B23F0913F0054BAD1 /* UpdateUITests.swift */ = {isa = PBXFileReference; lastKnownFileType = sourcecode.swift; path = UpdateUITests.swift; sourceTree = "<group>"; };
		C28FD93D23F0913F0054BAD1 /* Info.plist */ = {isa = PBXFileReference; lastKnownFileType = text.plist.xml; path = Info.plist; sourceTree = "<group>"; };
		C28FD94C23F091850054BAD1 /* RSSStore.swift */ = {isa = PBXFileReference; lastKnownFileType = sourcecode.swift; path = RSSStore.swift; sourceTree = "<group>"; };
		C28FD95023F09AC40054BAD1 /* SafariView.swift */ = {isa = PBXFileReference; lastKnownFileType = sourcecode.swift; path = SafariView.swift; sourceTree = "<group>"; };
		C28FD95523F0A98A0054BAD1 /* FeedList.swift */ = {isa = PBXFileReference; lastKnownFileType = sourcecode.swift; path = FeedList.swift; sourceTree = "<group>"; };
		C29B590323F1C24300CB8F08 /* FilterView.swift */ = {isa = PBXFileReference; lastKnownFileType = sourcecode.swift; path = FilterView.swift; sourceTree = "<group>"; };
		C2C9C2CB23F1C36E00F84042 /* Extensions.swift */ = {isa = PBXFileReference; lastKnownFileType = sourcecode.swift; path = Extensions.swift; sourceTree = "<group>"; };
		C2C9C2CD23F1C39C00F84042 /* PostCell.swift */ = {isa = PBXFileReference; lastKnownFileType = sourcecode.swift; path = PostCell.swift; sourceTree = "<group>"; };
		C2C9C2D323F1C4C700F84042 /* FeedCell.swift */ = {isa = PBXFileReference; lastKnownFileType = sourcecode.swift; path = FeedCell.swift; sourceTree = "<group>"; };
		C2C9C2DB23F1E2DF00F84042 /* BackButton.swift */ = {isa = PBXFileReference; lastKnownFileType = sourcecode.swift; path = BackButton.swift; sourceTree = "<group>"; };
		C2C9C2DF23F1E59700F84042 /* Update.entitlements */ = {isa = PBXFileReference; lastKnownFileType = text.plist.entitlements; path = Update.entitlements; sourceTree = "<group>"; };
		C2E3A1F423F338FB00F0B7FB /* Notifier.swift */ = {isa = PBXFileReference; lastKnownFileType = sourcecode.swift; path = Notifier.swift; sourceTree = "<group>"; };
		C2E3A1F623F348C000F0B7FB /* NewFeedPopup.swift */ = {isa = PBXFileReference; lastKnownFileType = sourcecode.swift; path = NewFeedPopup.swift; sourceTree = "<group>"; };
/* End PBXFileReference section */

/* Begin PBXFrameworksBuildPhase section */
		C28FD91323F0913B0054BAD1 /* Frameworks */ = {
			isa = PBXFrameworksBuildPhase;
			buildActionMask = 2147483647;
			files = (
				C22D113E23F34C89009035F3 /* FaviconFinder in Frameworks */,
				C28FD95923F0B8180054BAD1 /* SDWebImageSwiftUI in Frameworks */,
				C28FD94B23F091610054BAD1 /* FeedKit in Frameworks */,
			);
			runOnlyForDeploymentPostprocessing = 0;
		};
		C28FD92923F0913F0054BAD1 /* Frameworks */ = {
			isa = PBXFrameworksBuildPhase;
			buildActionMask = 2147483647;
			files = (
				C22D114423F34D42009035F3 /* FeedKit in Frameworks */,
				C22D114223F34D39009035F3 /* SDWebImageSwiftUI in Frameworks */,
				C22D114023F34D31009035F3 /* FaviconFinder in Frameworks */,
			);
			runOnlyForDeploymentPostprocessing = 0;
		};
		C28FD93423F0913F0054BAD1 /* Frameworks */ = {
			isa = PBXFrameworksBuildPhase;
			buildActionMask = 2147483647;
			files = (
				C22D114623F34D46009035F3 /* FaviconFinder in Frameworks */,
				C28FD96623F0F0670054BAD1 /* SDWebImageSwiftUI in Frameworks */,
				C28FD96423F0F0670054BAD1 /* FeedKit in Frameworks */,
			);
			runOnlyForDeploymentPostprocessing = 0;
		};
/* End PBXFrameworksBuildPhase section */

/* Begin PBXGroup section */
		C28FD90D23F0913B0054BAD1 = {
			isa = PBXGroup;
			children = (
				C28FD91823F0913B0054BAD1 /* Update */,
				C28FD92F23F0913F0054BAD1 /* UpdateTests */,
				C28FD93A23F0913F0054BAD1 /* UpdateUITests */,
				C28FD91723F0913B0054BAD1 /* Products */,
				C28FD96223F0F0670054BAD1 /* Frameworks */,
			);
			sourceTree = "<group>";
		};
		C28FD91723F0913B0054BAD1 /* Products */ = {
			isa = PBXGroup;
			children = (
				C28FD91623F0913B0054BAD1 /* Update.app */,
				C28FD92C23F0913F0054BAD1 /* UpdateTests.xctest */,
				C28FD93723F0913F0054BAD1 /* UpdateUITests.xctest */,
			);
			name = Products;
			sourceTree = "<group>";
		};
		C28FD91823F0913B0054BAD1 /* Update */ = {
			isa = PBXGroup;
			children = (
				C2C9C2DF23F1E59700F84042 /* Update.entitlements */,
				C28FD91923F0913B0054BAD1 /* AppDelegate.swift */,
				C28FD91B23F0913B0054BAD1 /* SceneDelegate.swift */,
				C2C9C2D723F1C55400F84042 /* Screens */,
				C2C9C2D823F1C55F00F84042 /* Cells */,
				C2C9C2D923F1C56700F84042 /* Helpers */,
				C2C9C2DA23F1C57200F84042 /* Components */,
				C28FD94C23F091850054BAD1 /* RSSStore.swift */,
				C22D114723F3B1DD009035F3 /* GoalsView.swift */,
				C2E3A1F423F338FB00F0B7FB /* Notifier.swift */,
				C28FD91F23F0913F0054BAD1 /* Assets.xcassets */,
				C28FD92423F0913F0054BAD1 /* LaunchScreen.storyboard */,
				C28FD92723F0913F0054BAD1 /* Info.plist */,
				C28FD92123F0913F0054BAD1 /* Preview Content */,
			);
			path = Update;
			sourceTree = "<group>";
		};
		C28FD92123F0913F0054BAD1 /* Preview Content */ = {
			isa = PBXGroup;
			children = (
				C28FD92223F0913F0054BAD1 /* Preview Assets.xcassets */,
			);
			path = "Preview Content";
			sourceTree = "<group>";
		};
		C28FD92F23F0913F0054BAD1 /* UpdateTests */ = {
			isa = PBXGroup;
			children = (
				C28FD93023F0913F0054BAD1 /* UpdateTests.swift */,
				C28FD93223F0913F0054BAD1 /* Info.plist */,
			);
			path = UpdateTests;
			sourceTree = "<group>";
		};
		C28FD93A23F0913F0054BAD1 /* UpdateUITests */ = {
			isa = PBXGroup;
			children = (
				C28FD93B23F0913F0054BAD1 /* UpdateUITests.swift */,
				C28FD93D23F0913F0054BAD1 /* Info.plist */,
			);
			path = UpdateUITests;
			sourceTree = "<group>";
		};
		C28FD96223F0F0670054BAD1 /* Frameworks */ = {
			isa = PBXGroup;
			children = (
			);
			name = Frameworks;
			sourceTree = "<group>";
		};
		C2C9C2D723F1C55400F84042 /* Screens */ = {
			isa = PBXGroup;
			children = (
				C28FD95523F0A98A0054BAD1 /* FeedList.swift */,
				C28FD91D23F0913B0054BAD1 /* PostList.swift */,
				C22D114B23F49F5A009035F3 /* TabBar.swift */,
			);
			path = Screens;
			sourceTree = "<group>";
		};
		C2C9C2D823F1C55F00F84042 /* Cells */ = {
			isa = PBXGroup;
			children = (
				C2C9C2D323F1C4C700F84042 /* FeedCell.swift */,
				C2C9C2CD23F1C39C00F84042 /* PostCell.swift */,
			);
			path = Cells;
			sourceTree = "<group>";
		};
		C2C9C2D923F1C56700F84042 /* Helpers */ = {
			isa = PBXGroup;
			children = (
				C2C9C2CB23F1C36E00F84042 /* Extensions.swift */,
			);
			path = Helpers;
			sourceTree = "<group>";
		};
		C2C9C2DA23F1C57200F84042 /* Components */ = {
			isa = PBXGroup;
			children = (
				C29B590323F1C24300CB8F08 /* FilterView.swift */,
				C2E3A1F623F348C000F0B7FB /* NewFeedPopup.swift */,
				C2C9C2DB23F1E2DF00F84042 /* BackButton.swift */,
				C28FD95023F09AC40054BAD1 /* SafariView.swift */,
			);
			path = Components;
			sourceTree = "<group>";
		};
/* End PBXGroup section */

/* Begin PBXNativeTarget section */
		C28FD91523F0913B0054BAD1 /* Update */ = {
			isa = PBXNativeTarget;
			buildConfigurationList = C28FD94023F0913F0054BAD1 /* Build configuration list for PBXNativeTarget "Update" */;
			buildPhases = (
				C28FD91223F0913B0054BAD1 /* Sources */,
				C28FD91323F0913B0054BAD1 /* Frameworks */,
				C28FD91423F0913B0054BAD1 /* Resources */,
			);
			buildRules = (
			);
			dependencies = (
			);
			name = Update;
			packageProductDependencies = (
				C28FD94A23F091610054BAD1 /* FeedKit */,
				C28FD95823F0B8180054BAD1 /* SDWebImageSwiftUI */,
				C22D113D23F34C89009035F3 /* FaviconFinder */,
			);
			productName = Update;
			productReference = C28FD91623F0913B0054BAD1 /* Update.app */;
			productType = "com.apple.product-type.application";
		};
		C28FD92B23F0913F0054BAD1 /* UpdateTests */ = {
			isa = PBXNativeTarget;
			buildConfigurationList = C28FD94323F0913F0054BAD1 /* Build configuration list for PBXNativeTarget "UpdateTests" */;
			buildPhases = (
				C28FD92823F0913F0054BAD1 /* Sources */,
				C28FD92923F0913F0054BAD1 /* Frameworks */,
				C28FD92A23F0913F0054BAD1 /* Resources */,
			);
			buildRules = (
			);
			dependencies = (
				C28FD92E23F0913F0054BAD1 /* PBXTargetDependency */,
			);
			name = UpdateTests;
			packageProductDependencies = (
				C22D113F23F34D31009035F3 /* FaviconFinder */,
				C22D114123F34D39009035F3 /* SDWebImageSwiftUI */,
				C22D114323F34D42009035F3 /* FeedKit */,
			);
			productName = UpdateTests;
			productReference = C28FD92C23F0913F0054BAD1 /* UpdateTests.xctest */;
			productType = "com.apple.product-type.bundle.unit-test";
		};
		C28FD93623F0913F0054BAD1 /* UpdateUITests */ = {
			isa = PBXNativeTarget;
			buildConfigurationList = C28FD94623F0913F0054BAD1 /* Build configuration list for PBXNativeTarget "UpdateUITests" */;
			buildPhases = (
				C28FD93323F0913F0054BAD1 /* Sources */,
				C28FD93423F0913F0054BAD1 /* Frameworks */,
				C28FD93523F0913F0054BAD1 /* Resources */,
			);
			buildRules = (
			);
			dependencies = (
				C28FD93923F0913F0054BAD1 /* PBXTargetDependency */,
			);
			name = UpdateUITests;
			packageProductDependencies = (
				C28FD96323F0F0670054BAD1 /* FeedKit */,
				C28FD96523F0F0670054BAD1 /* SDWebImageSwiftUI */,
				C22D114523F34D46009035F3 /* FaviconFinder */,
			);
			productName = UpdateUITests;
			productReference = C28FD93723F0913F0054BAD1 /* UpdateUITests.xctest */;
			productType = "com.apple.product-type.bundle.ui-testing";
		};
/* End PBXNativeTarget section */

/* Begin PBXProject section */
		C28FD90E23F0913B0054BAD1 /* Project object */ = {
			isa = PBXProject;
			attributes = {
				LastSwiftUpdateCheck = 1130;
				LastUpgradeCheck = 1130;
				ORGANIZATIONNAME = "Lucas Farah";
				TargetAttributes = {
					C28FD91523F0913B0054BAD1 = {
						CreatedOnToolsVersion = 11.3.1;
					};
					C28FD92B23F0913F0054BAD1 = {
						CreatedOnToolsVersion = 11.3.1;
						TestTargetID = C28FD91523F0913B0054BAD1;
					};
					C28FD93623F0913F0054BAD1 = {
						CreatedOnToolsVersion = 11.3.1;
						TestTargetID = C28FD91523F0913B0054BAD1;
					};
				};
			};
			buildConfigurationList = C28FD91123F0913B0054BAD1 /* Build configuration list for PBXProject "Update" */;
			compatibilityVersion = "Xcode 9.3";
			developmentRegion = en;
			hasScannedForEncodings = 0;
			knownRegions = (
				en,
				Base,
			);
			mainGroup = C28FD90D23F0913B0054BAD1;
			packageReferences = (
				C28FD94923F091610054BAD1 /* XCRemoteSwiftPackageReference "FeedKit" */,
				C28FD95723F0B8180054BAD1 /* XCRemoteSwiftPackageReference "SDWebImageSwiftUI" */,
				C22D113C23F34C89009035F3 /* XCRemoteSwiftPackageReference "FaviconFinder" */,
			);
			productRefGroup = C28FD91723F0913B0054BAD1 /* Products */;
			projectDirPath = "";
			projectRoot = "";
			targets = (
				C28FD91523F0913B0054BAD1 /* Update */,
				C28FD92B23F0913F0054BAD1 /* UpdateTests */,
				C28FD93623F0913F0054BAD1 /* UpdateUITests */,
			);
		};
/* End PBXProject section */

/* Begin PBXResourcesBuildPhase section */
		C28FD91423F0913B0054BAD1 /* Resources */ = {
			isa = PBXResourcesBuildPhase;
			buildActionMask = 2147483647;
			files = (
				C28FD92623F0913F0054BAD1 /* LaunchScreen.storyboard in Resources */,
				C28FD92323F0913F0054BAD1 /* Preview Assets.xcassets in Resources */,
				C28FD92023F0913F0054BAD1 /* Assets.xcassets in Resources */,
			);
			runOnlyForDeploymentPostprocessing = 0;
		};
		C28FD92A23F0913F0054BAD1 /* Resources */ = {
			isa = PBXResourcesBuildPhase;
			buildActionMask = 2147483647;
			files = (
			);
			runOnlyForDeploymentPostprocessing = 0;
		};
		C28FD93523F0913F0054BAD1 /* Resources */ = {
			isa = PBXResourcesBuildPhase;
			buildActionMask = 2147483647;
			files = (
			);
			runOnlyForDeploymentPostprocessing = 0;
		};
/* End PBXResourcesBuildPhase section */

/* Begin PBXSourcesBuildPhase section */
		C28FD91223F0913B0054BAD1 /* Sources */ = {
			isa = PBXSourcesBuildPhase;
			buildActionMask = 2147483647;
			files = (
				C29B590423F1C24300CB8F08 /* FilterView.swift in Sources */,
				C2E3A1F523F338FB00F0B7FB /* Notifier.swift in Sources */,
				C2C9C2D423F1C4C700F84042 /* FeedCell.swift in Sources */,
				C2C9C2DC23F1E2DF00F84042 /* BackButton.swift in Sources */,
				C28FD91A23F0913B0054BAD1 /* AppDelegate.swift in Sources */,
				C28FD95623F0A98A0054BAD1 /* FeedList.swift in Sources */,
				C2C9C2CC23F1C36E00F84042 /* Extensions.swift in Sources */,
				C28FD91C23F0913B0054BAD1 /* SceneDelegate.swift in Sources */,
				C2C9C2CE23F1C39C00F84042 /* PostCell.swift in Sources */,
				C22D114C23F49F5A009035F3 /* TabBar.swift in Sources */,
				C28FD94D23F091850054BAD1 /* RSSStore.swift in Sources */,
				C2E3A1F723F348C000F0B7FB /* NewFeedPopup.swift in Sources */,
				C22D114823F3B1DD009035F3 /* GoalsView.swift in Sources */,
				C28FD95123F09AC40054BAD1 /* SafariView.swift in Sources */,
				C28FD91E23F0913B0054BAD1 /* PostList.swift in Sources */,
			);
			runOnlyForDeploymentPostprocessing = 0;
		};
		C28FD92823F0913F0054BAD1 /* Sources */ = {
			isa = PBXSourcesBuildPhase;
			buildActionMask = 2147483647;
			files = (
				C2C9C2CF23F1C39C00F84042 /* PostCell.swift in Sources */,
				C2CEE18D23F34ADC007DFB9B /* Notifier.swift in Sources */,
				C28FD96023F0EE4E0054BAD1 /* RSSStore.swift in Sources */,
				C28FD95E23F0EE4B0054BAD1 /* SafariView.swift in Sources */,
				C2CEE18B23F34ACD007DFB9B /* NewFeedPopup.swift in Sources */,
				C2C9C2D123F1C3EB00F84042 /* Extensions.swift in Sources */,
				C2C9C2DD23F1E2DF00F84042 /* BackButton.swift in Sources */,
				C28FD95A23F0EE440054BAD1 /* PostList.swift in Sources */,
				C28FD95C23F0EE470054BAD1 /* FeedList.swift in Sources */,
				C2C9C2C923F1C33800F84042 /* FilterView.swift in Sources */,
				C28FD93123F0913F0054BAD1 /* UpdateTests.swift in Sources */,
				C2C9C2D523F1C4C700F84042 /* FeedCell.swift in Sources */,
				C22D114923F3B1DD009035F3 /* GoalsView.swift in Sources */,
				C22D114D23F49F5A009035F3 /* TabBar.swift in Sources */,
			);
			runOnlyForDeploymentPostprocessing = 0;
		};
		C28FD93323F0913F0054BAD1 /* Sources */ = {
			isa = PBXSourcesBuildPhase;
			buildActionMask = 2147483647;
			files = (
				C2C9C2D023F1C39D00F84042 /* PostCell.swift in Sources */,
				C2CEE18E23F34ADD007DFB9B /* Notifier.swift in Sources */,
				C28FD96123F0EE4F0054BAD1 /* RSSStore.swift in Sources */,
				C28FD95F23F0EE4C0054BAD1 /* SafariView.swift in Sources */,
				C2CEE18C23F34ACE007DFB9B /* NewFeedPopup.swift in Sources */,
				C2C9C2D223F1C3EC00F84042 /* Extensions.swift in Sources */,
				C2C9C2DE23F1E2DF00F84042 /* BackButton.swift in Sources */,
				C28FD95B23F0EE440054BAD1 /* PostList.swift in Sources */,
				C28FD95D23F0EE480054BAD1 /* FeedList.swift in Sources */,
				C2C9C2CA23F1C33800F84042 /* FilterView.swift in Sources */,
				C28FD93C23F0913F0054BAD1 /* UpdateUITests.swift in Sources */,
				C2C9C2D623F1C4C700F84042 /* FeedCell.swift in Sources */,
				C22D114A23F3B1DD009035F3 /* GoalsView.swift in Sources */,
				C22D114E23F49F5A009035F3 /* TabBar.swift in Sources */,
			);
			runOnlyForDeploymentPostprocessing = 0;
		};
/* End PBXSourcesBuildPhase section */

/* Begin PBXTargetDependency section */
		C28FD92E23F0913F0054BAD1 /* PBXTargetDependency */ = {
			isa = PBXTargetDependency;
			target = C28FD91523F0913B0054BAD1 /* Update */;
			targetProxy = C28FD92D23F0913F0054BAD1 /* PBXContainerItemProxy */;
		};
		C28FD93923F0913F0054BAD1 /* PBXTargetDependency */ = {
			isa = PBXTargetDependency;
			target = C28FD91523F0913B0054BAD1 /* Update */;
			targetProxy = C28FD93823F0913F0054BAD1 /* PBXContainerItemProxy */;
		};
/* End PBXTargetDependency section */

/* Begin PBXVariantGroup section */
		C28FD92423F0913F0054BAD1 /* LaunchScreen.storyboard */ = {
			isa = PBXVariantGroup;
			children = (
				C28FD92523F0913F0054BAD1 /* Base */,
			);
			name = LaunchScreen.storyboard;
			sourceTree = "<group>";
		};
/* End PBXVariantGroup section */

/* Begin XCBuildConfiguration section */
		C28FD93E23F0913F0054BAD1 /* Debug */ = {
			isa = XCBuildConfiguration;
			buildSettings = {
				ALWAYS_SEARCH_USER_PATHS = NO;
				CLANG_ANALYZER_NONNULL = YES;
				CLANG_ANALYZER_NUMBER_OBJECT_CONVERSION = YES_AGGRESSIVE;
				CLANG_CXX_LANGUAGE_STANDARD = "gnu++14";
				CLANG_CXX_LIBRARY = "libc++";
				CLANG_ENABLE_MODULES = YES;
				CLANG_ENABLE_OBJC_ARC = YES;
				CLANG_ENABLE_OBJC_WEAK = YES;
				CLANG_WARN_BLOCK_CAPTURE_AUTORELEASING = YES;
				CLANG_WARN_BOOL_CONVERSION = YES;
				CLANG_WARN_COMMA = YES;
				CLANG_WARN_CONSTANT_CONVERSION = YES;
				CLANG_WARN_DEPRECATED_OBJC_IMPLEMENTATIONS = YES;
				CLANG_WARN_DIRECT_OBJC_ISA_USAGE = YES_ERROR;
				CLANG_WARN_DOCUMENTATION_COMMENTS = YES;
				CLANG_WARN_EMPTY_BODY = YES;
				CLANG_WARN_ENUM_CONVERSION = YES;
				CLANG_WARN_INFINITE_RECURSION = YES;
				CLANG_WARN_INT_CONVERSION = YES;
				CLANG_WARN_NON_LITERAL_NULL_CONVERSION = YES;
				CLANG_WARN_OBJC_IMPLICIT_RETAIN_SELF = YES;
				CLANG_WARN_OBJC_LITERAL_CONVERSION = YES;
				CLANG_WARN_OBJC_ROOT_CLASS = YES_ERROR;
				CLANG_WARN_RANGE_LOOP_ANALYSIS = YES;
				CLANG_WARN_STRICT_PROTOTYPES = YES;
				CLANG_WARN_SUSPICIOUS_MOVE = YES;
				CLANG_WARN_UNGUARDED_AVAILABILITY = YES_AGGRESSIVE;
				CLANG_WARN_UNREACHABLE_CODE = YES;
				CLANG_WARN__DUPLICATE_METHOD_MATCH = YES;
				COPY_PHASE_STRIP = NO;
				DEBUG_INFORMATION_FORMAT = dwarf;
				ENABLE_STRICT_OBJC_MSGSEND = YES;
				ENABLE_TESTABILITY = YES;
				GCC_C_LANGUAGE_STANDARD = gnu11;
				GCC_DYNAMIC_NO_PIC = NO;
				GCC_NO_COMMON_BLOCKS = YES;
				GCC_OPTIMIZATION_LEVEL = 0;
				GCC_PREPROCESSOR_DEFINITIONS = (
					"DEBUG=1",
					"$(inherited)",
				);
				GCC_WARN_64_TO_32_BIT_CONVERSION = YES;
				GCC_WARN_ABOUT_RETURN_TYPE = YES_ERROR;
				GCC_WARN_UNDECLARED_SELECTOR = YES;
				GCC_WARN_UNINITIALIZED_AUTOS = YES_AGGRESSIVE;
				GCC_WARN_UNUSED_FUNCTION = YES;
				GCC_WARN_UNUSED_VARIABLE = YES;
				IPHONEOS_DEPLOYMENT_TARGET = 13.2;
				MTL_ENABLE_DEBUG_INFO = INCLUDE_SOURCE;
				MTL_FAST_MATH = YES;
				ONLY_ACTIVE_ARCH = YES;
				SDKROOT = iphoneos;
				SWIFT_ACTIVE_COMPILATION_CONDITIONS = DEBUG;
				SWIFT_OPTIMIZATION_LEVEL = "-Onone";
			};
			name = Debug;
		};
		C28FD93F23F0913F0054BAD1 /* Release */ = {
			isa = XCBuildConfiguration;
			buildSettings = {
				ALWAYS_SEARCH_USER_PATHS = NO;
				CLANG_ANALYZER_NONNULL = YES;
				CLANG_ANALYZER_NUMBER_OBJECT_CONVERSION = YES_AGGRESSIVE;
				CLANG_CXX_LANGUAGE_STANDARD = "gnu++14";
				CLANG_CXX_LIBRARY = "libc++";
				CLANG_ENABLE_MODULES = YES;
				CLANG_ENABLE_OBJC_ARC = YES;
				CLANG_ENABLE_OBJC_WEAK = YES;
				CLANG_WARN_BLOCK_CAPTURE_AUTORELEASING = YES;
				CLANG_WARN_BOOL_CONVERSION = YES;
				CLANG_WARN_COMMA = YES;
				CLANG_WARN_CONSTANT_CONVERSION = YES;
				CLANG_WARN_DEPRECATED_OBJC_IMPLEMENTATIONS = YES;
				CLANG_WARN_DIRECT_OBJC_ISA_USAGE = YES_ERROR;
				CLANG_WARN_DOCUMENTATION_COMMENTS = YES;
				CLANG_WARN_EMPTY_BODY = YES;
				CLANG_WARN_ENUM_CONVERSION = YES;
				CLANG_WARN_INFINITE_RECURSION = YES;
				CLANG_WARN_INT_CONVERSION = YES;
				CLANG_WARN_NON_LITERAL_NULL_CONVERSION = YES;
				CLANG_WARN_OBJC_IMPLICIT_RETAIN_SELF = YES;
				CLANG_WARN_OBJC_LITERAL_CONVERSION = YES;
				CLANG_WARN_OBJC_ROOT_CLASS = YES_ERROR;
				CLANG_WARN_RANGE_LOOP_ANALYSIS = YES;
				CLANG_WARN_STRICT_PROTOTYPES = YES;
				CLANG_WARN_SUSPICIOUS_MOVE = YES;
				CLANG_WARN_UNGUARDED_AVAILABILITY = YES_AGGRESSIVE;
				CLANG_WARN_UNREACHABLE_CODE = YES;
				CLANG_WARN__DUPLICATE_METHOD_MATCH = YES;
				COPY_PHASE_STRIP = NO;
				DEBUG_INFORMATION_FORMAT = "dwarf-with-dsym";
				ENABLE_NS_ASSERTIONS = NO;
				ENABLE_STRICT_OBJC_MSGSEND = YES;
				GCC_C_LANGUAGE_STANDARD = gnu11;
				GCC_NO_COMMON_BLOCKS = YES;
				GCC_WARN_64_TO_32_BIT_CONVERSION = YES;
				GCC_WARN_ABOUT_RETURN_TYPE = YES_ERROR;
				GCC_WARN_UNDECLARED_SELECTOR = YES;
				GCC_WARN_UNINITIALIZED_AUTOS = YES_AGGRESSIVE;
				GCC_WARN_UNUSED_FUNCTION = YES;
				GCC_WARN_UNUSED_VARIABLE = YES;
				IPHONEOS_DEPLOYMENT_TARGET = 13.2;
				MTL_ENABLE_DEBUG_INFO = NO;
				MTL_FAST_MATH = YES;
				SDKROOT = iphoneos;
				SWIFT_COMPILATION_MODE = wholemodule;
				SWIFT_OPTIMIZATION_LEVEL = "-O";
				VALIDATE_PRODUCT = YES;
			};
			name = Release;
		};
		C28FD94123F0913F0054BAD1 /* Debug */ = {
			isa = XCBuildConfiguration;
			buildSettings = {
				ASSETCATALOG_COMPILER_APPICON_NAME = AppIcon;
				CODE_SIGN_ENTITLEMENTS = Update/Update.entitlements;
				CODE_SIGN_IDENTITY = "Apple Development";
				"CODE_SIGN_IDENTITY[sdk=macosx*]" = "Apple Development";
				CODE_SIGN_STYLE = Automatic;
				DERIVE_MACCATALYST_PRODUCT_BUNDLE_IDENTIFIER = YES;
				DEVELOPMENT_ASSET_PATHS = "\"Update/Preview Content\"";
				DEVELOPMENT_TEAM = 7WB6X64N4P;
				ENABLE_PREVIEWS = YES;
				INFOPLIST_FILE = Update/Info.plist;
				LD_RUNPATH_SEARCH_PATHS = (
					"$(inherited)",
					"@executable_path/Frameworks",
				);
				PRODUCT_BUNDLE_IDENTIFIER = io.lucasfarah.Update;
				PRODUCT_NAME = "$(TARGET_NAME)";
				PROVISIONING_PROFILE_SPECIFIER = "";
				"PROVISIONING_PROFILE_SPECIFIER[sdk=macosx*]" = "";
				SUPPORTS_MACCATALYST = YES;
				SWIFT_VERSION = 5.0;
				TARGETED_DEVICE_FAMILY = "1,2";
			};
			name = Debug;
		};
		C28FD94223F0913F0054BAD1 /* Release */ = {
			isa = XCBuildConfiguration;
			buildSettings = {
				ASSETCATALOG_COMPILER_APPICON_NAME = AppIcon;
				CODE_SIGN_ENTITLEMENTS = Update/Update.entitlements;
				CODE_SIGN_IDENTITY = "Apple Development";
				"CODE_SIGN_IDENTITY[sdk=macosx*]" = "Apple Development";
				CODE_SIGN_STYLE = Automatic;
				DERIVE_MACCATALYST_PRODUCT_BUNDLE_IDENTIFIER = YES;
				DEVELOPMENT_ASSET_PATHS = "\"Update/Preview Content\"";
				DEVELOPMENT_TEAM = 7WB6X64N4P;
				ENABLE_PREVIEWS = YES;
				INFOPLIST_FILE = Update/Info.plist;
				LD_RUNPATH_SEARCH_PATHS = (
					"$(inherited)",
					"@executable_path/Frameworks",
				);
				PRODUCT_BUNDLE_IDENTIFIER = io.lucasfarah.Update;
				PRODUCT_NAME = "$(TARGET_NAME)";
				PROVISIONING_PROFILE_SPECIFIER = "";
				"PROVISIONING_PROFILE_SPECIFIER[sdk=macosx*]" = "";
				SUPPORTS_MACCATALYST = YES;
				SWIFT_VERSION = 5.0;
				TARGETED_DEVICE_FAMILY = "1,2";
			};
			name = Release;
		};
		C28FD94423F0913F0054BAD1 /* Debug */ = {
			isa = XCBuildConfiguration;
			buildSettings = {
				ALWAYS_EMBED_SWIFT_STANDARD_LIBRARIES = YES;
				BUNDLE_LOADER = "$(TEST_HOST)";
				CODE_SIGN_STYLE = Automatic;
				DEVELOPMENT_TEAM = 7WB6X64N4P;
				INFOPLIST_FILE = UpdateTests/Info.plist;
				IPHONEOS_DEPLOYMENT_TARGET = 13.2;
				LD_RUNPATH_SEARCH_PATHS = (
					"$(inherited)",
					"@executable_path/Frameworks",
					"@loader_path/Frameworks",
				);
				PRODUCT_BUNDLE_IDENTIFIER = io.lucasfarah.UpdateTests;
				PRODUCT_NAME = "$(TARGET_NAME)";
				SWIFT_VERSION = 5.0;
				TARGETED_DEVICE_FAMILY = "1,2";
				TEST_HOST = "$(BUILT_PRODUCTS_DIR)/Update.app/Update";
			};
			name = Debug;
		};
		C28FD94523F0913F0054BAD1 /* Release */ = {
			isa = XCBuildConfiguration;
			buildSettings = {
				ALWAYS_EMBED_SWIFT_STANDARD_LIBRARIES = YES;
				BUNDLE_LOADER = "$(TEST_HOST)";
				CODE_SIGN_STYLE = Automatic;
				DEVELOPMENT_TEAM = 7WB6X64N4P;
				INFOPLIST_FILE = UpdateTests/Info.plist;
				IPHONEOS_DEPLOYMENT_TARGET = 13.2;
				LD_RUNPATH_SEARCH_PATHS = (
					"$(inherited)",
					"@executable_path/Frameworks",
					"@loader_path/Frameworks",
				);
				PRODUCT_BUNDLE_IDENTIFIER = io.lucasfarah.UpdateTests;
				PRODUCT_NAME = "$(TARGET_NAME)";
				SWIFT_VERSION = 5.0;
				TARGETED_DEVICE_FAMILY = "1,2";
				TEST_HOST = "$(BUILT_PRODUCTS_DIR)/Update.app/Update";
			};
			name = Release;
		};
		C28FD94723F0913F0054BAD1 /* Debug */ = {
			isa = XCBuildConfiguration;
			buildSettings = {
				ALWAYS_EMBED_SWIFT_STANDARD_LIBRARIES = YES;
				CODE_SIGN_STYLE = Automatic;
				DEVELOPMENT_TEAM = 7WB6X64N4P;
				INFOPLIST_FILE = UpdateUITests/Info.plist;
				LD_RUNPATH_SEARCH_PATHS = (
					"$(inherited)",
					"@executable_path/Frameworks",
					"@loader_path/Frameworks",
				);
				PRODUCT_BUNDLE_IDENTIFIER = io.lucasfarah.UpdateUITests;
				PRODUCT_NAME = "$(TARGET_NAME)";
				SWIFT_VERSION = 5.0;
				TARGETED_DEVICE_FAMILY = "1,2";
				TEST_TARGET_NAME = Update;
			};
			name = Debug;
		};
		C28FD94823F0913F0054BAD1 /* Release */ = {
			isa = XCBuildConfiguration;
			buildSettings = {
				ALWAYS_EMBED_SWIFT_STANDARD_LIBRARIES = YES;
				CODE_SIGN_STYLE = Automatic;
				DEVELOPMENT_TEAM = 7WB6X64N4P;
				INFOPLIST_FILE = UpdateUITests/Info.plist;
				LD_RUNPATH_SEARCH_PATHS = (
					"$(inherited)",
					"@executable_path/Frameworks",
					"@loader_path/Frameworks",
				);
				PRODUCT_BUNDLE_IDENTIFIER = io.lucasfarah.UpdateUITests;
				PRODUCT_NAME = "$(TARGET_NAME)";
				SWIFT_VERSION = 5.0;
				TARGETED_DEVICE_FAMILY = "1,2";
				TEST_TARGET_NAME = Update;
			};
			name = Release;
		};
/* End XCBuildConfiguration section */

/* Begin XCConfigurationList section */
		C28FD91123F0913B0054BAD1 /* Build configuration list for PBXProject "Update" */ = {
			isa = XCConfigurationList;
			buildConfigurations = (
				C28FD93E23F0913F0054BAD1 /* Debug */,
				C28FD93F23F0913F0054BAD1 /* Release */,
			);
			defaultConfigurationIsVisible = 0;
			defaultConfigurationName = Release;
		};
		C28FD94023F0913F0054BAD1 /* Build configuration list for PBXNativeTarget "Update" */ = {
			isa = XCConfigurationList;
			buildConfigurations = (
				C28FD94123F0913F0054BAD1 /* Debug */,
				C28FD94223F0913F0054BAD1 /* Release */,
			);
			defaultConfigurationIsVisible = 0;
			defaultConfigurationName = Release;
		};
		C28FD94323F0913F0054BAD1 /* Build configuration list for PBXNativeTarget "UpdateTests" */ = {
			isa = XCConfigurationList;
			buildConfigurations = (
				C28FD94423F0913F0054BAD1 /* Debug */,
				C28FD94523F0913F0054BAD1 /* Release */,
			);
			defaultConfigurationIsVisible = 0;
			defaultConfigurationName = Release;
		};
		C28FD94623F0913F0054BAD1 /* Build configuration list for PBXNativeTarget "UpdateUITests" */ = {
			isa = XCConfigurationList;
			buildConfigurations = (
				C28FD94723F0913F0054BAD1 /* Debug */,
				C28FD94823F0913F0054BAD1 /* Release */,
			);
			defaultConfigurationIsVisible = 0;
			defaultConfigurationName = Release;
		};
/* End XCConfigurationList section */

/* Begin XCRemoteSwiftPackageReference section */
		C22D113C23F34C89009035F3 /* XCRemoteSwiftPackageReference "FaviconFinder" */ = {
			isa = XCRemoteSwiftPackageReference;
			repositoryURL = "https://github.com/lfarah/FaviconFinder";
			requirement = {
				kind = upToNextMajorVersion;
				minimumVersion = 2.1.2;
			};
		};
		C28FD94923F091610054BAD1 /* XCRemoteSwiftPackageReference "FeedKit" */ = {
			isa = XCRemoteSwiftPackageReference;
			repositoryURL = "https://github.com/nmdias/FeedKit.git";
			requirement = {
				kind = upToNextMajorVersion;
				minimumVersion = 9.0.0;
			};
		};
		C28FD95723F0B8180054BAD1 /* XCRemoteSwiftPackageReference "SDWebImageSwiftUI" */ = {
			isa = XCRemoteSwiftPackageReference;
			repositoryURL = "https://github.com/SDWebImage/SDWebImageSwiftUI.git";
			requirement = {
				kind = upToNextMajorVersion;
				minimumVersion = 0.10.3;
			};
		};
/* End XCRemoteSwiftPackageReference section */

/* Begin XCSwiftPackageProductDependency section */
		C22D113D23F34C89009035F3 /* FaviconFinder */ = {
			isa = XCSwiftPackageProductDependency;
			package = C22D113C23F34C89009035F3 /* XCRemoteSwiftPackageReference "FaviconFinder" */;
			productName = FaviconFinder;
		};
		C22D113F23F34D31009035F3 /* FaviconFinder */ = {
			isa = XCSwiftPackageProductDependency;
			package = C22D113C23F34C89009035F3 /* XCRemoteSwiftPackageReference "FaviconFinder" */;
			productName = FaviconFinder;
		};
		C22D114123F34D39009035F3 /* SDWebImageSwiftUI */ = {
			isa = XCSwiftPackageProductDependency;
			package = C28FD95723F0B8180054BAD1 /* XCRemoteSwiftPackageReference "SDWebImageSwiftUI" */;
			productName = SDWebImageSwiftUI;
		};
		C22D114323F34D42009035F3 /* FeedKit */ = {
			isa = XCSwiftPackageProductDependency;
			package = C28FD94923F091610054BAD1 /* XCRemoteSwiftPackageReference "FeedKit" */;
			productName = FeedKit;
		};
		C22D114523F34D46009035F3 /* FaviconFinder */ = {
			isa = XCSwiftPackageProductDependency;
			package = C22D113C23F34C89009035F3 /* XCRemoteSwiftPackageReference "FaviconFinder" */;
			productName = FaviconFinder;
		};
		C28FD94A23F091610054BAD1 /* FeedKit */ = {
			isa = XCSwiftPackageProductDependency;
			package = C28FD94923F091610054BAD1 /* XCRemoteSwiftPackageReference "FeedKit" */;
			productName = FeedKit;
		};
		C28FD95823F0B8180054BAD1 /* SDWebImageSwiftUI */ = {
			isa = XCSwiftPackageProductDependency;
			package = C28FD95723F0B8180054BAD1 /* XCRemoteSwiftPackageReference "SDWebImageSwiftUI" */;
			productName = SDWebImageSwiftUI;
		};
		C28FD96323F0F0670054BAD1 /* FeedKit */ = {
			isa = XCSwiftPackageProductDependency;
			package = C28FD94923F091610054BAD1 /* XCRemoteSwiftPackageReference "FeedKit" */;
			productName = FeedKit;
		};
		C28FD96523F0F0670054BAD1 /* SDWebImageSwiftUI */ = {
			isa = XCSwiftPackageProductDependency;
			package = C28FD95723F0B8180054BAD1 /* XCRemoteSwiftPackageReference "SDWebImageSwiftUI" */;
			productName = SDWebImageSwiftUI;
		};
/* End XCSwiftPackageProductDependency section */
	};
	rootObject = C28FD90E23F0913B0054BAD1 /* Project object */;
}
