{
  "object": {
    "pins": [
      {
        "package": "FaviconFinder",
        "repositoryURL": "https://github.com/lfarah/FaviconFinder.git",
        "state": {
          "branch": null,
          "revision": "79c7c54496364d999ab53feba5c5f79923a0deea",
          "version": "2.1.2"
        }
      },
      {
        "package": "FeedKit",
        "repositoryURL": "https://github.com/nmdias/FeedKit.git",
        "state": {
          "branch": null,
          "revision": "a74fcfbfb2dc54f1f8fa3c6848ae1efe697e0ebf",
          "version": "9.0.0"
        }
      },
      {
        "package": "SDWebImage",
        "repositoryURL": "https://github.com/SDWebImage/SDWebImage.git",
        "state": {
          "branch": null,
          "revision": "aa7ff6f060d8f34d2c66a716aefff1a3bc9ef816",
          "version": "5.5.2"
        }
      },
      {
        "package": "SDWebImageSwiftUI",
        "repositoryURL": "https://github.com/SDWebImage/SDWebImageSwiftUI.git",
        "state": {
          "branch": null,
          "revision": "e0af3b71af59b6da0c33f83686f9787bb54c175a",
          "version": "0.10.3"
        }
      },
      {
        "package": "SwiftSoup",
        "repositoryURL": "https://github.com/scinfu/SwiftSoup.git",
        "state": {
          "branch": null,
          "revision": "7f187fd8804e63dea89879c95d7c2f7703727d0f",
          "version": "2.3.0"
        }
      }
    ]
  },
  "version": 1
}
